// !$*UTF8*$!
{
	archiveVersion = 1;
	classes = {
	};
	objectVersion = 46;
	objects = {

/* Begin PBXBuildFile section */
		833FF8091BC7230800A881CF /* AppDelegate.swift in Sources */ = {isa = PBXBuildFile; fileRef = 833FF8081BC7230800A881CF /* AppDelegate.swift */; };
		833FF80B1BC7230800A881CF /* ViewController.swift in Sources */ = {isa = PBXBuildFile; fileRef = 833FF80A1BC7230800A881CF /* ViewController.swift */; };
		833FF80E1BC7230800A881CF /* Main.storyboard in Resources */ = {isa = PBXBuildFile; fileRef = 833FF80C1BC7230800A881CF /* Main.storyboard */; };
		833FF8101BC7230800A881CF /* Assets.xcassets in Resources */ = {isa = PBXBuildFile; fileRef = 833FF80F1BC7230800A881CF /* Assets.xcassets */; };
		833FF8131BC7230800A881CF /* LaunchScreen.storyboard in Resources */ = {isa = PBXBuildFile; fileRef = 833FF8111BC7230800A881CF /* LaunchScreen.storyboard */; };
		833FF81E1BC7230800A881CF /* FoodTrackerTests.swift in Sources */ = {isa = PBXBuildFile; fileRef = 833FF81D1BC7230800A881CF /* FoodTrackerTests.swift */; };
/* End PBXBuildFile section */

/* Begin PBXContainerItemProxy section */
		833FF81A1BC7230800A881CF /* PBXContainerItemProxy */ = {
			isa = PBXContainerItemProxy;
			containerPortal = 833FF7FD1BC7230800A881CF /* Project object */;
			proxyType = 1;
			remoteGlobalIDString = 833FF8041BC7230800A881CF;
			remoteInfo = FoodTracker;
		};
/* End PBXContainerItemProxy section */

/* Begin PBXFileReference section */
		833FF8051BC7230800A881CF /* FoodTracker.app */ = {isa = PBXFileReference; explicitFileType = wrapper.application; includeInIndex = 0; path = FoodTracker.app; sourceTree = BUILT_PRODUCTS_DIR; };
		833FF8081BC7230800A881CF /* AppDelegate.swift */ = {isa = PBXFileReference; lastKnownFileType = sourcecode.swift; path = AppDelegate.swift; sourceTree = "<group>"; };
		833FF80A1BC7230800A881CF /* ViewController.swift */ = {isa = PBXFileReference; lastKnownFileType = sourcecode.swift; path = ViewController.swift; sourceTree = "<group>"; };
		833FF80D1BC7230800A881CF /* Base */ = {isa = PBXFileReference; lastKnownFileType = file.storyboard; name = Base; path = Base.lproj/Main.storyboard; sourceTree = "<group>"; };
		833FF80F1BC7230800A881CF /* Assets.xcassets */ = {isa = PBXFileReference; lastKnownFileType = folder.assetcatalog; path = Assets.xcassets; sourceTree = "<group>"; };
		833FF8121BC7230800A881CF /* Base */ = {isa = PBXFileReference; lastKnownFileType = file.storyboard; name = Base; path = Base.lproj/LaunchScreen.storyboard; sourceTree = "<group>"; };
		833FF8141BC7230800A881CF /* Info.plist */ = {isa = PBXFileReference; lastKnownFileType = text.plist.xml; path = Info.plist; sourceTree = "<group>"; };
		833FF8191BC7230800A881CF /* FoodTrackerTests.xctest */ = {isa = PBXFileReference; explicitFileType = wrapper.cfbundle; includeInIndex = 0; path = FoodTrackerTests.xctest; sourceTree = BUILT_PRODUCTS_DIR; };
		833FF81D1BC7230800A881CF /* FoodTrackerTests.swift */ = {isa = PBXFileReference; lastKnownFileType = sourcecode.swift; path = FoodTrackerTests.swift; sourceTree = "<group>"; };
		833FF81F1BC7230800A881CF /* Info.plist */ = {isa = PBXFileReference; lastKnownFileType = text.plist.xml; path = Info.plist; sourceTree = "<group>"; };
/* End PBXFileReference section */

/* Begin PBXFrameworksBuildPhase section */
		833FF8021BC7230800A881CF /* Frameworks */ = {
			isa = PBXFrameworksBuildPhase;
			buildActionMask = 2147483647;
			files = (
			);
			runOnlyForDeploymentPostprocessing = 0;
		};
		833FF8161BC7230800A881CF /* Frameworks */ = {
			isa = PBXFrameworksBuildPhase;
			buildActionMask = 2147483647;
			files = (
			);
			runOnlyForDeploymentPostprocessing = 0;
		};
/* End PBXFrameworksBuildPhase section */

/* Begin PBXGroup section */
		833FF7FC1BC7230800A881CF = {
			isa = PBXGroup;
			children = (
				833FF8071BC7230800A881CF /* FoodTracker */,
				833FF81C1BC7230800A881CF /* FoodTrackerTests */,
				833FF8061BC7230800A881CF /* Products */,
			);
			sourceTree = "<group>";
		};
		833FF8061BC7230800A881CF /* Products */ = {
			isa = PBXGroup;
			children = (
				833FF8051BC7230800A881CF /* FoodTracker.app */,
				833FF8191BC7230800A881CF /* FoodTrackerTests.xctest */,
			);
			name = Products;
			sourceTree = "<group>";
		};
		833FF8071BC7230800A881CF /* FoodTracker */ = {
			isa = PBXGroup;
			children = (
				833FF8081BC7230800A881CF /* AppDelegate.swift */,
				833FF80A1BC7230800A881CF /* ViewController.swift */,
				833FF80C1BC7230800A881CF /* Main.storyboard */,
				833FF80F1BC7230800A881CF /* Assets.xcassets */,
				833FF8111BC7230800A881CF /* LaunchScreen.storyboard */,
				833FF8141BC7230800A881CF /* Info.plist */,
			);
			path = FoodTracker;
			sourceTree = "<group>";
		};
		833FF81C1BC7230800A881CF /* FoodTrackerTests */ = {
			isa = PBXGroup;
			children = (
				833FF81D1BC7230800A881CF /* FoodTrackerTests.swift */,
				833FF81F1BC7230800A881CF /* Info.plist */,
			);
			path = FoodTrackerTests;
			sourceTree = "<group>";
		};
/* End PBXGroup section */

/* Begin PBXNativeTarget section */
		833FF8041BC7230800A881CF /* FoodTracker */ = {
			isa = PBXNativeTarget;
			buildConfigurationList = 833FF8221BC7230800A881CF /* Build configuration list for PBXNativeTarget "FoodTracker" */;
			buildPhases = (
				833FF8011BC7230800A881CF /* Sources */,
				833FF8021BC7230800A881CF /* Frameworks */,
				833FF8031BC7230800A881CF /* Resources */,
			);
			buildRules = (
			);
			dependencies = (
			);
			name = FoodTracker;
			productName = FoodTracker;
			productReference = 833FF8051BC7230800A881CF /* FoodTracker.app */;
			productType = "com.apple.product-type.application";
		};
		833FF8181BC7230800A881CF /* FoodTrackerTests */ = {
			isa = PBXNativeTarget;
			buildConfigurationList = 833FF8251BC7230800A881CF /* Build configuration list for PBXNativeTarget "FoodTrackerTests" */;
			buildPhases = (
				833FF8151BC7230800A881CF /* Sources */,
				833FF8161BC7230800A881CF /* Frameworks */,
				833FF8171BC7230800A881CF /* Resources */,
			);
			buildRules = (
			);
			dependencies = (
				833FF81B1BC7230800A881CF /* PBXTargetDependency */,
			);
			name = FoodTrackerTests;
			productName = FoodTrackerTests;
			productReference = 833FF8191BC7230800A881CF /* FoodTrackerTests.xctest */;
			productType = "com.apple.product-type.bundle.unit-test";
		};
/* End PBXNativeTarget section */

/* Begin PBXProject section */
		833FF7FD1BC7230800A881CF /* Project object */ = {
			isa = PBXProject;
			attributes = {
				LastUpgradeCheck = 0700;
				ORGANIZATIONNAME = "Daniel Lee";
				TargetAttributes = {
					833FF8041BC7230800A881CF = {
						CreatedOnToolsVersion = 7.0.1;
					};
					833FF8181BC7230800A881CF = {
						CreatedOnToolsVersion = 7.0.1;
						TestTargetID = 833FF8041BC7230800A881CF;
					};
				};
			};
			buildConfigurationList = 833FF8001BC7230800A881CF /* Build configuration list for PBXProject "FoodTracker" */;
			compatibilityVersion = "Xcode 3.2";
			developmentRegion = English;
			hasScannedForEncodings = 0;
			knownRegions = (
				en,
				Base,
			);
			mainGroup = 833FF7FC1BC7230800A881CF;
			productRefGroup = 833FF8061BC7230800A881CF /* Products */;
			projectDirPath = "";
			projectRoot = "";
			targets = (
				833FF8041BC7230800A881CF /* FoodTracker */,
				833FF8181BC7230800A881CF /* FoodTrackerTests */,
			);
		};
/* End PBXProject section */

/* Begin PBXResourcesBuildPhase section */
		833FF8031BC7230800A881CF /* Resources */ = {
			isa = PBXResourcesBuildPhase;
			buildActionMask = 2147483647;
			files = (
				833FF8131BC7230800A881CF /* LaunchScreen.storyboard in Resources */,
				833FF8101BC7230800A881CF /* Assets.xcassets in Resources */,
				833FF80E1BC7230800A881CF /* Main.storyboard in Resources */,
			);
			runOnlyForDeploymentPostprocessing = 0;
		};
		833FF8171BC7230800A881CF /* Resources */ = {
			isa = PBXResourcesBuildPhase;
			buildActionMask = 2147483647;
			files = (
			);
			runOnlyForDeploymentPostprocessing = 0;
		};
/* End PBXResourcesBuildPhase section */

/* Begin PBXSourcesBuildPhase section */
		833FF8011BC7230800A881CF /* Sources */ = {
			isa = PBXSourcesBuildPhase;
			buildActionMask = 2147483647;
			files = (
				833FF80B1BC7230800A881CF /* ViewController.swift in Sources */,
				833FF8091BC7230800A881CF /* AppDelegate.swift in Sources */,
			);
			runOnlyForDeploymentPostprocessing = 0;
		};
		833FF8151BC7230800A881CF /* Sources */ = {
			isa = PBXSourcesBuildPhase;
			buildActionMask = 2147483647;
			files = (
				833FF81E1BC7230800A881CF /* FoodTrackerTests.swift in Sources */,
			);
			runOnlyForDeploymentPostprocessing = 0;
		};
/* End PBXSourcesBuildPhase section */

/* Begin PBXTargetDependency section */
		833FF81B1BC7230800A881CF /* PBXTargetDependency */ = {
			isa = PBXTargetDependency;
			target = 833FF8041BC7230800A881CF /* FoodTracker */;
			targetProxy = 833FF81A1BC7230800A881CF /* PBXContainerItemProxy */;
		};
/* End PBXTargetDependency section */

/* Begin PBXVariantGroup section */
		833FF80C1BC7230800A881CF /* Main.storyboard */ = {
			isa = PBXVariantGroup;
			children = (
				833FF80D1BC7230800A881CF /* Base */,
			);
			name = Main.storyboard;
			sourceTree = "<group>";
		};
		833FF8111BC7230800A881CF /* LaunchScreen.storyboard */ = {
			isa = PBXVariantGroup;
			children = (
				833FF8121BC7230800A881CF /* Base */,
			);
			name = LaunchScreen.storyboard;
			sourceTree = "<group>";
		};
/* End PBXVariantGroup section */

/* Begin XCBuildConfiguration section */
		833FF8201BC7230800A881CF /* Debug */ = {
			isa = XCBuildConfiguration;
			buildSettings = {
				ALWAYS_SEARCH_USER_PATHS = NO;
				CLANG_CXX_LANGUAGE_STANDARD = "gnu++0x";
				CLANG_CXX_LIBRARY = "libc++";
				CLANG_ENABLE_MODULES = YES;
				CLANG_ENABLE_OBJC_ARC = YES;
				CLANG_WARN_BOOL_CONVERSION = YES;
				CLANG_WARN_CONSTANT_CONVERSION = YES;
				CLANG_WARN_DIRECT_OBJC_ISA_USAGE = YES_ERROR;
				CLANG_WARN_EMPTY_BODY = YES;
				CLANG_WARN_ENUM_CONVERSION = YES;
				CLANG_WARN_INT_CONVERSION = YES;
				CLANG_WARN_OBJC_ROOT_CLASS = YES_ERROR;
				CLANG_WARN_UNREACHABLE_CODE = YES;
				CLANG_WARN__DUPLICATE_METHOD_MATCH = YES;
				"CODE_SIGN_IDENTITY[sdk=iphoneos*]" = "iPhone Developer";
				COPY_PHASE_STRIP = NO;
				DEBUG_INFORMATION_FORMAT = dwarf;
				ENABLE_STRICT_OBJC_MSGSEND = YES;
				ENABLE_TESTABILITY = YES;
				GCC_C_LANGUAGE_STANDARD = gnu99;
				GCC_DYNAMIC_NO_PIC = NO;
				GCC_NO_COMMON_BLOCKS = YES;
				GCC_OPTIMIZATION_LEVEL = 0;
				GCC_PREPROCESSOR_DEFINITIONS = (
					"DEBUG=1",
					"$(inherited)",
				);
				GCC_WARN_64_TO_32_BIT_CONVERSION = YES;
				GCC_WARN_ABOUT_RETURN_TYPE = YES_ERROR;
				GCC_WARN_UNDECLARED_SELECTOR = YES;
				GCC_WARN_UNINITIALIZED_AUTOS = YES_AGGRESSIVE;
				GCC_WARN_UNUSED_FUNCTION = YES;
				GCC_WARN_UNUSED_VARIABLE = YES;
				IPHONEOS_DEPLOYMENT_TARGET = 9.0;
				MTL_ENABLE_DEBUG_INFO = YES;
				ONLY_ACTIVE_ARCH = YES;
				SDKROOT = iphoneos;
				SWIFT_OPTIMIZATION_LEVEL = "-Onone";
				TARGETED_DEVICE_FAMILY = "1,2";
			};
			name = Debug;
		};
		833FF8211BC7230800A881CF /* Release */ = {
			isa = XCBuildConfiguration;
			buildSettings = {
				ALWAYS_SEARCH_USER_PATHS = NO;
				CLANG_CXX_LANGUAGE_STANDARD = "gnu++0x";
				CLANG_CXX_LIBRARY = "libc++";
				CLANG_ENABLE_MODULES = YES;
				CLANG_ENABLE_OBJC_ARC = YES;
				CLANG_WARN_BOOL_CONVERSION = YES;
				CLANG_WARN_CONSTANT_CONVERSION = YES;
				CLANG_WARN_DIRECT_OBJC_ISA_USAGE = YES_ERROR;
				CLANG_WARN_EMPTY_BODY = YES;
				CLANG_WARN_ENUM_CONVERSION = YES;
				CLANG_WARN_INT_CONVERSION = YES;
				CLANG_WARN_OBJC_ROOT_CLASS = YES_ERROR;
				CLANG_WARN_UNREACHABLE_CODE = YES;
				CLANG_WARN__DUPLICATE_METHOD_MATCH = YES;
				"CODE_SIGN_IDENTITY[sdk=iphoneos*]" = "iPhone Developer";
				COPY_PHASE_STRIP = NO;
				DEBUG_INFORMATION_FORMAT = "dwarf-with-dsym";
				ENABLE_NS_ASSERTIONS = NO;
				ENABLE_STRICT_OBJC_MSGSEND = YES;
				GCC_C_LANGUAGE_STANDARD = gnu99;
				GCC_NO_COMMON_BLOCKS = YES;
				GCC_WARN_64_TO_32_BIT_CONVERSION = YES;
				GCC_WARN_ABOUT_RETURN_TYPE = YES_ERROR;
				GCC_WARN_UNDECLARED_SELECTOR = YES;
				GCC_WARN_UNINITIALIZED_AUTOS = YES_AGGRESSIVE;
				GCC_WARN_UNUSED_FUNCTION = YES;
				GCC_WARN_UNUSED_VARIABLE = YES;
				IPHONEOS_DEPLOYMENT_TARGET = 9.0;
				MTL_ENABLE_DEBUG_INFO = NO;
				SDKROOT = iphoneos;
				TARGETED_DEVICE_FAMILY = "1,2";
				VALIDATE_PRODUCT = YES;
			};
			name = Release;
		};
		833FF8231BC7230800A881CF /* Debug */ = {
			isa = XCBuildConfiguration;
			buildSettings = {
				ASSETCATALOG_COMPILER_APPICON_NAME = AppIcon;
				INFOPLIST_FILE = FoodTracker/Info.plist;
				LD_RUNPATH_SEARCH_PATHS = "$(inherited) @executable_path/Frameworks";
				PRODUCT_BUNDLE_IDENTIFIER = com.example.FoodTracker;
				PRODUCT_NAME = "$(TARGET_NAME)";
			};
			name = Debug;
		};
		833FF8241BC7230800A881CF /* Release */ = {
			isa = XCBuildConfiguration;
			buildSettings = {
				ASSETCATALOG_COMPILER_APPICON_NAME = AppIcon;
				INFOPLIST_FILE = FoodTracker/Info.plist;
				LD_RUNPATH_SEARCH_PATHS = "$(inherited) @executable_path/Frameworks";
				PRODUCT_BUNDLE_IDENTIFIER = com.example.FoodTracker;
				PRODUCT_NAME = "$(TARGET_NAME)";
			};
			name = Release;
		};
		833FF8261BC7230800A881CF /* Debug */ = {
			isa = XCBuildConfiguration;
			buildSettings = {
				BUNDLE_LOADER = "$(TEST_HOST)";
				INFOPLIST_FILE = FoodTrackerTests/Info.plist;
				LD_RUNPATH_SEARCH_PATHS = "$(inherited) @executable_path/Frameworks @loader_path/Frameworks";
				PRODUCT_BUNDLE_IDENTIFIER = com.example.FoodTrackerTests;
				PRODUCT_NAME = "$(TARGET_NAME)";
				TEST_HOST = "$(BUILT_PRODUCTS_DIR)/FoodTracker.app/FoodTracker";
			};
			name = Debug;
		};
		833FF8271BC7230800A881CF /* Release */ = {
			isa = XCBuildConfiguration;
			buildSettings = {
				BUNDLE_LOADER = "$(TEST_HOST)";
				INFOPLIST_FILE = FoodTrackerTests/Info.plist;
				LD_RUNPATH_SEARCH_PATHS = "$(inherited) @executable_path/Frameworks @loader_path/Frameworks";
				PRODUCT_BUNDLE_IDENTIFIER = com.example.FoodTrackerTests;
				PRODUCT_NAME = "$(TARGET_NAME)";
				TEST_HOST = "$(BUILT_PRODUCTS_DIR)/FoodTracker.app/FoodTracker";
			};
			name = Release;
		};
/* End XCBuildConfiguration section */

/* Begin XCConfigurationList section */
		833FF8001BC7230800A881CF /* Build configuration list for PBXProject "FoodTracker" */ = {
			isa = XCConfigurationList;
			buildConfigurations = (
				833FF8201BC7230800A881CF /* Debug */,
				833FF8211BC7230800A881CF /* Release */,
			);
			defaultConfigurationIsVisible = 0;
			defaultConfigurationName = Release;
		};
		833FF8221BC7230800A881CF /* Build configuration list for PBXNativeTarget "FoodTracker" */ = {
			isa = XCConfigurationList;
			buildConfigurations = (
				833FF8231BC7230800A881CF /* Debug */,
				833FF8241BC7230800A881CF /* Release */,
			);
			defaultConfigurationIsVisible = 0;
		};
		833FF8251BC7230800A881CF /* Build configuration list for PBXNativeTarget "FoodTrackerTests" */ = {
			isa = XCConfigurationList;
			buildConfigurations = (
				833FF8261BC7230800A881CF /* Debug */,
				833FF8271BC7230800A881CF /* Release */,
			);
			defaultConfigurationIsVisible = 0;
		};
/* End XCConfigurationList section */
	};
	rootObject = 833FF7FD1BC7230800A881CF /* Project object */;
}
